<Solution>
  <Folder Name="/examples/" />
  <Folder Name="/examples/basic/">
    <Project Path="examples/basic/BasicDemo.csproj" />
  </Folder>
  <Folder Name="/examples/middleware/">
    <Project Path="examples/middleware/MiddlewareDemo.csproj" />
  </Folder>
  <Folder Name="/src/" />
  <Folder Name="/src/dependency-injection/">
    <Project Path="src/dependency-injection/Vertical.Cli.DependencyInjection.csproj" />
  </Folder>
  <Folder Name="/src/generator/">
    <Project Path="src/generator/Vertical.Cli.SourceGenerator.csproj" />
  </Folder>
  <Folder Name="/src/lib/">
    <Project Path="src/lib/Vertical.Cli.csproj" />
  </Folder>
  <Folder Name="/test/">
    <File Path="test/Directory.Build.props" />
  </Folder>
  <Folder Name="/test/assertions/">
    <Project Path="test/assertions/Vertical.Cli.ConfigurationAssertionTests.csproj" />
  </Folder>
  <Folder Name="/test/dep-injection-unit/">
    <Project Path="test/dep-injection-unit/Vertical.Cli.DependencyInjection.UnitTests.csproj" />
  </Folder>
  <Folder Name="/test/generator/">
    <Project Path="test/generator/Vertical.Cli.SourceGenerator.Tests.csproj" />
  </Folder>
  <Folder Name="/test/scenario/">
    <Project Path="test/scenario/Vertical.Cli.ScenarioTests.csproj" />
  </Folder>
  <Folder Name="/test/unit/">
    <Project Path="test/unit/Vertical.Cli.UnitTests.csproj" />
  </Folder>
</Solution>
