
Microsoft Visual Studio Solution File, Format Version 12.00
# Visual Studio Version 17
VisualStudioVersion = 17.0.31903.59
MinimumVisualStudioVersion = 10.0.40219.1
Project("{2150E333-8FDC-42A3-9474-1A3956D46DE8}") = "src", "src", "{5C739488-B673-496D-BB87-98F3FD03605A}"
EndProject
Project("{FAE04EC0-301F-11D3-BF4B-00C04F79EFBC}") = "Vertical.Cli", "src\lib\Vertical.Cli.csproj", "{E4B66092-1AE7-4048-B6F1-A9E9E6FE3CB7}"
EndProject
Project("{FAE04EC0-301F-11D3-BF4B-00C04F79EFBC}") = "Vertical.Cli.SourceGenerator", "src\source-generator\Vertical.Cli.SourceGenerator.csproj", "{E1CD1B8F-6B13-4541-A6B4-E7C62AA7DD00}"
EndProject
Project("{FAE04EC0-301F-11D3-BF4B-00C04F79EFBC}") = "Vertical.Cli.Analyzers", "src\analyzers\Vertical.Cli.Analyzers.csproj", "{9619405C-93EB-4F7B-B454-A4923331669C}"
EndProject
Project("{2150E333-8FDC-42A3-9474-1A3956D46DE8}") = "test", "test", "{85AB39BE-E3B1-4062-8800-6B25D2B5D8B9}"
EndProject
Project("{FAE04EC0-301F-11D3-BF4B-00C04F79EFBC}") = "UnitTests", "test\UnitTests\UnitTests.csproj", "{693D8A59-2092-49A5-B88F-0DCE3D2249C0}"
EndProject
Project("{2150E333-8FDC-42A3-9474-1A3956D46DE8}") = "examples", "examples", "{CA81B37A-E944-4DBA-A03D-22672E33696B}"
EndProject
Project("{FAE04EC0-301F-11D3-BF4B-00C04F79EFBC}") = "CliDemo", "examples\CliDemo\CliDemo.csproj", "{C1C7108E-730E-4E6B-A1A2-172B538ECFC8}"
EndProject
Global
	GlobalSection(SolutionConfigurationPlatforms) = preSolution
		Debug|Any CPU = Debug|Any CPU
		Release|Any CPU = Release|Any CPU
	EndGlobalSection
	GlobalSection(SolutionProperties) = preSolution
		HideSolutionNode = FALSE
	EndGlobalSection
	GlobalSection(ProjectConfigurationPlatforms) = postSolution
		{E4B66092-1AE7-4048-B6F1-A9E9E6FE3CB7}.Debug|Any CPU.ActiveCfg = Debug|Any CPU
		{E4B66092-1AE7-4048-B6F1-A9E9E6FE3CB7}.Debug|Any CPU.Build.0 = Debug|Any CPU
		{E4B66092-1AE7-4048-B6F1-A9E9E6FE3CB7}.Release|Any CPU.ActiveCfg = Release|Any CPU
		{E4B66092-1AE7-4048-B6F1-A9E9E6FE3CB7}.Release|Any CPU.Build.0 = Release|Any CPU
		{E1CD1B8F-6B13-4541-A6B4-E7C62AA7DD00}.Debug|Any CPU.ActiveCfg = Debug|Any CPU
		{E1CD1B8F-6B13-4541-A6B4-E7C62AA7DD00}.Debug|Any CPU.Build.0 = Debug|Any CPU
		{E1CD1B8F-6B13-4541-A6B4-E7C62AA7DD00}.Release|Any CPU.ActiveCfg = Release|Any CPU
		{E1CD1B8F-6B13-4541-A6B4-E7C62AA7DD00}.Release|Any CPU.Build.0 = Release|Any CPU
		{9619405C-93EB-4F7B-B454-A4923331669C}.Debug|Any CPU.ActiveCfg = Debug|Any CPU
		{9619405C-93EB-4F7B-B454-A4923331669C}.Debug|Any CPU.Build.0 = Debug|Any CPU
		{9619405C-93EB-4F7B-B454-A4923331669C}.Release|Any CPU.ActiveCfg = Release|Any CPU
		{9619405C-93EB-4F7B-B454-A4923331669C}.Release|Any CPU.Build.0 = Release|Any CPU
		{693D8A59-2092-49A5-B88F-0DCE3D2249C0}.Debug|Any CPU.ActiveCfg = Debug|Any CPU
		{693D8A59-2092-49A5-B88F-0DCE3D2249C0}.Debug|Any CPU.Build.0 = Debug|Any CPU
		{693D8A59-2092-49A5-B88F-0DCE3D2249C0}.Release|Any CPU.ActiveCfg = Release|Any CPU
		{693D8A59-2092-49A5-B88F-0DCE3D2249C0}.Release|Any CPU.Build.0 = Release|Any CPU
		{C1C7108E-730E-4E6B-A1A2-172B538ECFC8}.Debug|Any CPU.ActiveCfg = Debug|Any CPU
		{C1C7108E-730E-4E6B-A1A2-172B538ECFC8}.Debug|Any CPU.Build.0 = Debug|Any CPU
		{C1C7108E-730E-4E6B-A1A2-172B538ECFC8}.Release|Any CPU.ActiveCfg = Release|Any CPU
		{C1C7108E-730E-4E6B-A1A2-172B538ECFC8}.Release|Any CPU.Build.0 = Release|Any CPU
	EndGlobalSection
	GlobalSection(NestedProjects) = preSolution
		{E4B66092-1AE7-4048-B6F1-A9E9E6FE3CB7} = {5C739488-B673-496D-BB87-98F3FD03605A}
		{E1CD1B8F-6B13-4541-A6B4-E7C62AA7DD00} = {5C739488-B673-496D-BB87-98F3FD03605A}
		{9619405C-93EB-4F7B-B454-A4923331669C} = {5C739488-B673-496D-BB87-98F3FD03605A}
		{693D8A59-2092-49A5-B88F-0DCE3D2249C0} = {85AB39BE-E3B1-4062-8800-6B25D2B5D8B9}
		{C1C7108E-730E-4E6B-A1A2-172B538ECFC8} = {CA81B37A-E944-4DBA-A03D-22672E33696B}
	EndGlobalSection
EndGlobal
