
Microsoft Visual Studio Solution File, Format Version 12.00
# Visual Studio Version 17
VisualStudioVersion = 17.0.31903.59
MinimumVisualStudioVersion = 10.0.40219.1
Project("{2150E333-8FDC-42A3-9474-1A3956D46DE8}") = "src", "src", "{1AAB698F-D574-478B-98A1-035980E38EBD}"
EndProject
Project("{FAE04EC0-301F-11D3-BF4B-00C04F79EFBC}") = "Vertical.Cli", "src\lib\Vertical.Cli.csproj", "{F9D574FF-9962-4B90-AE8F-3CEA7222A336}"
EndProject
Project("{2150E333-8FDC-42A3-9474-1A3956D46DE8}") = "test", "test", "{7A92C9BC-2B8A-4E84-8AA8-7C31C513EC52}"
EndProject
Project("{FAE04EC0-301F-11D3-BF4B-00C04F79EFBC}") = "Vertical.Cli.UnitTests", "test\unit\Vertical.Cli.UnitTests.csproj", "{553B8A3C-D988-4CBA-92FB-D01E355868E9}"
EndProject
Project("{FAE04EC0-301F-11D3-BF4B-00C04F79EFBC}") = "Vertical.Cli.ConsoleTests", "test\console\Vertical.Cli.ConsoleTests.csproj", "{B6920117-C051-48D0-BA28-F45C0FFC83FD}"
EndProject
Project("{2150E333-8FDC-42A3-9474-1A3956D46DE8}") = "demo", "demo", "{73C1E6F4-4FF5-487F-A7FC-6CA63EA82114}"
EndProject
Project("{FAE04EC0-301F-11D3-BF4B-00C04F79EFBC}") = "Vertical.Archiver", "demo\archiver\Vertical.Archiver.csproj", "{E265461E-0D3F-4DAD-AD26-346FD2ED355D}"
EndProject
Project("{FAE04EC0-301F-11D3-BF4B-00C04F79EFBC}") = "Vertical.Cli.SourceGenerator", "src\generator\Vertical.Cli.SourceGenerator.csproj", "{9FA973D4-8649-4F5D-AB15-3445BC4B881E}"
EndProject
Project("{FAE04EC0-301F-11D3-BF4B-00C04F79EFBC}") = "GeneratorTestApp", "test\generator\GeneratorTestApp.csproj", "{B0425527-821F-4EE9-BC44-8F0D828BC822}"
EndProject
Global
	GlobalSection(SolutionConfigurationPlatforms) = preSolution
		Debug|Any CPU = Debug|Any CPU
		Release|Any CPU = Release|Any CPU
	EndGlobalSection
	GlobalSection(SolutionProperties) = preSolution
		HideSolutionNode = FALSE
	EndGlobalSection
	GlobalSection(ProjectConfigurationPlatforms) = postSolution
		{F9D574FF-9962-4B90-AE8F-3CEA7222A336}.Debug|Any CPU.ActiveCfg = Debug|Any CPU
		{F9D574FF-9962-4B90-AE8F-3CEA7222A336}.Debug|Any CPU.Build.0 = Debug|Any CPU
		{F9D574FF-9962-4B90-AE8F-3CEA7222A336}.Release|Any CPU.ActiveCfg = Release|Any CPU
		{F9D574FF-9962-4B90-AE8F-3CEA7222A336}.Release|Any CPU.Build.0 = Release|Any CPU
		{553B8A3C-D988-4CBA-92FB-D01E355868E9}.Debug|Any CPU.ActiveCfg = Debug|Any CPU
		{553B8A3C-D988-4CBA-92FB-D01E355868E9}.Debug|Any CPU.Build.0 = Debug|Any CPU
		{553B8A3C-D988-4CBA-92FB-D01E355868E9}.Release|Any CPU.ActiveCfg = Release|Any CPU
		{553B8A3C-D988-4CBA-92FB-D01E355868E9}.Release|Any CPU.Build.0 = Release|Any CPU
		{B6920117-C051-48D0-BA28-F45C0FFC83FD}.Debug|Any CPU.ActiveCfg = Debug|Any CPU
		{B6920117-C051-48D0-BA28-F45C0FFC83FD}.Debug|Any CPU.Build.0 = Debug|Any CPU
		{B6920117-C051-48D0-BA28-F45C0FFC83FD}.Release|Any CPU.ActiveCfg = Release|Any CPU
		{B6920117-C051-48D0-BA28-F45C0FFC83FD}.Release|Any CPU.Build.0 = Release|Any CPU
		{E265461E-0D3F-4DAD-AD26-346FD2ED355D}.Debug|Any CPU.ActiveCfg = Debug|Any CPU
		{E265461E-0D3F-4DAD-AD26-346FD2ED355D}.Debug|Any CPU.Build.0 = Debug|Any CPU
		{E265461E-0D3F-4DAD-AD26-346FD2ED355D}.Release|Any CPU.ActiveCfg = Release|Any CPU
		{E265461E-0D3F-4DAD-AD26-346FD2ED355D}.Release|Any CPU.Build.0 = Release|Any CPU
		{9FA973D4-8649-4F5D-AB15-3445BC4B881E}.Debug|Any CPU.ActiveCfg = Debug|Any CPU
		{9FA973D4-8649-4F5D-AB15-3445BC4B881E}.Debug|Any CPU.Build.0 = Debug|Any CPU
		{9FA973D4-8649-4F5D-AB15-3445BC4B881E}.Release|Any CPU.ActiveCfg = Release|Any CPU
		{9FA973D4-8649-4F5D-AB15-3445BC4B881E}.Release|Any CPU.Build.0 = Release|Any CPU
		{B0425527-821F-4EE9-BC44-8F0D828BC822}.Debug|Any CPU.ActiveCfg = Debug|Any CPU
		{B0425527-821F-4EE9-BC44-8F0D828BC822}.Debug|Any CPU.Build.0 = Debug|Any CPU
		{B0425527-821F-4EE9-BC44-8F0D828BC822}.Release|Any CPU.ActiveCfg = Release|Any CPU
		{B0425527-821F-4EE9-BC44-8F0D828BC822}.Release|Any CPU.Build.0 = Release|Any CPU
	EndGlobalSection
	GlobalSection(NestedProjects) = preSolution
		{F9D574FF-9962-4B90-AE8F-3CEA7222A336} = {1AAB698F-D574-478B-98A1-035980E38EBD}
		{553B8A3C-D988-4CBA-92FB-D01E355868E9} = {7A92C9BC-2B8A-4E84-8AA8-7C31C513EC52}
		{B6920117-C051-48D0-BA28-F45C0FFC83FD} = {7A92C9BC-2B8A-4E84-8AA8-7C31C513EC52}
		{E265461E-0D3F-4DAD-AD26-346FD2ED355D} = {73C1E6F4-4FF5-487F-A7FC-6CA63EA82114}
		{9FA973D4-8649-4F5D-AB15-3445BC4B881E} = {1AAB698F-D574-478B-98A1-035980E38EBD}
		{B0425527-821F-4EE9-BC44-8F0D828BC822} = {7A92C9BC-2B8A-4E84-8AA8-7C31C513EC52}
	EndGlobalSection
EndGlobal
